{
  "name": "green-turtle",
  "version": "1.4.0",
  "lockfileVersion": 1,
  "requires": true,
  "dependencies": {
    "n3": {
      "version": "1.0.0-alpha",
      "resolved": "https://registry.npmjs.org/n3/-/n3-1.0.0-alpha.tgz",
      "integrity": "sha512-JJCef2qbYZCkwWkH6GitR/QwJrQ0VMoeAM1EdTl+xx7m6OLRUI1zUh1afBMRjslIWdkZodROf8gudY2vhXmByA=="
    }
  }
}
